
Microsoft Visual Studio Solution File, Format Version 12.00
# Visual Studio Version 16
VisualStudioVersion = 16.0.32929.386
MinimumVisualStudioVersion = 10.0.40219.1
Project("{FAE04EC0-301F-11D3-BF4B-00C04F79EFBC}") = "XL_jobbet", "XL_jobbet\XL_jobbet.csproj", "{12526461-DEC5-47C3-8939-98E1E3D34CEB}"
EndProject
Global
	GlobalSection(SolutionConfigurationPlatforms) = preSolution
		Debug|Any CPU = Debug|Any CPU
		Release|Any CPU = Release|Any CPU
	EndGlobalSection
	GlobalSection(ProjectConfigurationPlatforms) = postSolution
		{12526461-DEC5-47C3-8939-98E1E3D34CEB}.Debug|Any CPU.ActiveCfg = Debug|Any CPU
		{12526461-DEC5-47C3-8939-98E1E3D34CEB}.Debug|Any CPU.Build.0 = Debug|Any CPU
		{12526461-DEC5-47C3-8939-98E1E3D34CEB}.Release|Any CPU.ActiveCfg = Release|Any CPU
		{12526461-DEC5-47C3-8939-98E1E3D34CEB}.Release|Any CPU.Build.0 = Release|Any CPU
	EndGlobalSection
	GlobalSection(SolutionProperties) = preSolution
		HideSolutionNode = FALSE
	EndGlobalSection
	GlobalSection(ExtensibilityGlobals) = postSolution
		SolutionGuid = {18E870BA-0330-486C-9CDF-02070F9F4D13}
	EndGlobalSection
EndGlobal
